// !$*UTF8*$!
{
	archiveVersion = 1;
	classes = {
	};
	objectVersion = 55;
	objects = {

/* Begin PBXBuildFile section */
		EA4A381D279556B80073A37C /* AppDelegate.swift in Sources */ = {isa = PBXBuildFile; fileRef = EA4A381C279556B80073A37C /* AppDelegate.swift */; };
		EA4A381F279556B80073A37C /* SceneDelegate.swift in Sources */ = {isa = PBXBuildFile; fileRef = EA4A381E279556B80073A37C /* SceneDelegate.swift */; };
		EA4A3821279556B80073A37C /* ViewController.swift in Sources */ = {isa = PBXBuildFile; fileRef = EA4A3820279556B80073A37C /* ViewController.swift */; };
		EA4A3824279556B80073A37C /* Main.storyboard in Resources */ = {isa = PBXBuildFile; fileRef = EA4A3822279556B80073A37C /* Main.storyboard */; };
		EA4A3826279556BA0073A37C /* Assets.xcassets in Resources */ = {isa = PBXBuildFile; fileRef = EA4A3825279556BA0073A37C /* Assets.xcassets */; };
		EA4A3829279556BA0073A37C /* LaunchScreen.storyboard in Resources */ = {isa = PBXBuildFile; fileRef = EA4A3827279556BA0073A37C /* LaunchScreen.storyboard */; };
		EA4A3834279556BA0073A37C /* MVVM_ExampleTests.swift in Sources */ = {isa = PBXBuildFile; fileRef = EA4A3833279556BA0073A37C /* MVVM_ExampleTests.swift */; };
		EA4A383E279556BA0073A37C /* MVVM_ExampleUITests.swift in Sources */ = {isa = PBXBuildFile; fileRef = EA4A383D279556BA0073A37C /* MVVM_ExampleUITests.swift */; };
		EA4A3840279556BA0073A37C /* MVVM_ExampleUITestsLaunchTests.swift in Sources */ = {isa = PBXBuildFile; fileRef = EA4A383F279556BA0073A37C /* MVVM_ExampleUITestsLaunchTests.swift */; };
		EA4A3854279558D70073A37C /* PersonModel.swift in Sources */ = {isa = PBXBuildFile; fileRef = EA4A3853279558D70073A37C /* PersonModel.swift */; };
		EA4A3856279558F30073A37C /* PersonViewModel.swift in Sources */ = {isa = PBXBuildFile; fileRef = EA4A3855279558F30073A37C /* PersonViewModel.swift */; };
		EA4A3858279560890073A37C /* PersonDataTableViewCell.swift in Sources */ = {isa = PBXBuildFile; fileRef = EA4A3857279560890073A37C /* PersonDataTableViewCell.swift */; };
/* End PBXBuildFile section */

/* Begin PBXContainerItemProxy section */
		EA4A3830279556BA0073A37C /* PBXContainerItemProxy */ = {
			isa = PBXContainerItemProxy;
			containerPortal = EA4A3811279556B80073A37C /* Project object */;
			proxyType = 1;
			remoteGlobalIDString = EA4A3818279556B80073A37C;
			remoteInfo = "MVVM Example";
		};
		EA4A383A279556BA0073A37C /* PBXContainerItemProxy */ = {
			isa = PBXContainerItemProxy;
			containerPortal = EA4A3811279556B80073A37C /* Project object */;
			proxyType = 1;
			remoteGlobalIDString = EA4A3818279556B80073A37C;
			remoteInfo = "MVVM Example";
		};
/* End PBXContainerItemProxy section */

/* Begin PBXFileReference section */
		EA4A3819279556B80073A37C /* MVVM Example.app */ = {isa = PBXFileReference; explicitFileType = wrapper.application; includeInIndex = 0; path = "MVVM Example.app"; sourceTree = BUILT_PRODUCTS_DIR; };
		EA4A381C279556B80073A37C /* AppDelegate.swift */ = {isa = PBXFileReference; lastKnownFileType = sourcecode.swift; path = AppDelegate.swift; sourceTree = "<group>"; };
		EA4A381E279556B80073A37C /* SceneDelegate.swift */ = {isa = PBXFileReference; lastKnownFileType = sourcecode.swift; path = SceneDelegate.swift; sourceTree = "<group>"; };
		EA4A3820279556B80073A37C /* ViewController.swift */ = {isa = PBXFileReference; lastKnownFileType = sourcecode.swift; path = ViewController.swift; sourceTree = "<group>"; };
		EA4A3823279556B80073A37C /* Base */ = {isa = PBXFileReference; lastKnownFileType = file.storyboard; name = Base; path = Base.lproj/Main.storyboard; sourceTree = "<group>"; };
		EA4A3825279556BA0073A37C /* Assets.xcassets */ = {isa = PBXFileReference; lastKnownFileType = folder.assetcatalog; path = Assets.xcassets; sourceTree = "<group>"; };
		EA4A3828279556BA0073A37C /* Base */ = {isa = PBXFileReference; lastKnownFileType = file.storyboard; name = Base; path = Base.lproj/LaunchScreen.storyboard; sourceTree = "<group>"; };
		EA4A382A279556BA0073A37C /* Info.plist */ = {isa = PBXFileReference; lastKnownFileType = text.plist.xml; path = Info.plist; sourceTree = "<group>"; };
		EA4A382F279556BA0073A37C /* MVVM ExampleTests.xctest */ = {isa = PBXFileReference; explicitFileType = wrapper.cfbundle; includeInIndex = 0; path = "MVVM ExampleTests.xctest"; sourceTree = BUILT_PRODUCTS_DIR; };
		EA4A3833279556BA0073A37C /* MVVM_ExampleTests.swift */ = {isa = PBXFileReference; lastKnownFileType = sourcecode.swift; path = MVVM_ExampleTests.swift; sourceTree = "<group>"; };
		EA4A3839279556BA0073A37C /* MVVM ExampleUITests.xctest */ = {isa = PBXFileReference; explicitFileType = wrapper.cfbundle; includeInIndex = 0; path = "MVVM ExampleUITests.xctest"; sourceTree = BUILT_PRODUCTS_DIR; };
		EA4A383D279556BA0073A37C /* MVVM_ExampleUITests.swift */ = {isa = PBXFileReference; lastKnownFileType = sourcecode.swift; path = MVVM_ExampleUITests.swift; sourceTree = "<group>"; };
		EA4A383F279556BA0073A37C /* MVVM_ExampleUITestsLaunchTests.swift */ = {isa = PBXFileReference; lastKnownFileType = sourcecode.swift; path = MVVM_ExampleUITestsLaunchTests.swift; sourceTree = "<group>"; };
		EA4A3853279558D70073A37C /* PersonModel.swift */ = {isa = PBXFileReference; lastKnownFileType = sourcecode.swift; path = PersonModel.swift; sourceTree = "<group>"; };
		EA4A3855279558F30073A37C /* PersonViewModel.swift */ = {isa = PBXFileReference; lastKnownFileType = sourcecode.swift; path = PersonViewModel.swift; sourceTree = "<group>"; };
		EA4A3857279560890073A37C /* PersonDataTableViewCell.swift */ = {isa = PBXFileReference; lastKnownFileType = sourcecode.swift; path = PersonDataTableViewCell.swift; sourceTree = "<group>"; };
/* End PBXFileReference section */

/* Begin PBXFrameworksBuildPhase section */
		EA4A3816279556B80073A37C /* Frameworks */ = {
			isa = PBXFrameworksBuildPhase;
			buildActionMask = 2147483647;
			files = (
			);
			runOnlyForDeploymentPostprocessing = 0;
		};
		EA4A382C279556BA0073A37C /* Frameworks */ = {
			isa = PBXFrameworksBuildPhase;
			buildActionMask = 2147483647;
			files = (
			);
			runOnlyForDeploymentPostprocessing = 0;
		};
		EA4A3836279556BA0073A37C /* Frameworks */ = {
			isa = PBXFrameworksBuildPhase;
			buildActionMask = 2147483647;
			files = (
			);
			runOnlyForDeploymentPostprocessing = 0;
		};
/* End PBXFrameworksBuildPhase section */

/* Begin PBXGroup section */
		EA4A3810279556B80073A37C = {
			isa = PBXGroup;
			children = (
				EA4A381B279556B80073A37C /* MVVM Example */,
				EA4A3832279556BA0073A37C /* MVVM ExampleTests */,
				EA4A383C279556BA0073A37C /* MVVM ExampleUITests */,
				EA4A381A279556B80073A37C /* Products */,
			);
			sourceTree = "<group>";
		};
		EA4A381A279556B80073A37C /* Products */ = {
			isa = PBXGroup;
			children = (
				EA4A3819279556B80073A37C /* MVVM Example.app */,
				EA4A382F279556BA0073A37C /* MVVM ExampleTests.xctest */,
				EA4A3839279556BA0073A37C /* MVVM ExampleUITests.xctest */,
			);
			name = Products;
			sourceTree = "<group>";
		};
		EA4A381B279556B80073A37C /* MVVM Example */ = {
			isa = PBXGroup;
			children = (
				EA4A384C279556EA0073A37C /* Model */,
				EA4A384D279556F20073A37C /* View */,
				EA4A384E279556F90073A37C /* ViewModel */,
				EA4A3859279584650073A37C /* TableViewCell */,
				EA4A381C279556B80073A37C /* AppDelegate.swift */,
				EA4A381E279556B80073A37C /* SceneDelegate.swift */,
				EA4A3822279556B80073A37C /* Main.storyboard */,
				EA4A3825279556BA0073A37C /* Assets.xcassets */,
				EA4A3827279556BA0073A37C /* LaunchScreen.storyboard */,
				EA4A382A279556BA0073A37C /* Info.plist */,
			);
			path = "MVVM Example";
			sourceTree = "<group>";
		};
		EA4A3832279556BA0073A37C /* MVVM ExampleTests */ = {
			isa = PBXGroup;
			children = (
				EA4A3833279556BA0073A37C /* MVVM_ExampleTests.swift */,
			);
			path = "MVVM ExampleTests";
			sourceTree = "<group>";
		};
		EA4A383C279556BA0073A37C /* MVVM ExampleUITests */ = {
			isa = PBXGroup;
			children = (
				EA4A383D279556BA0073A37C /* MVVM_ExampleUITests.swift */,
				EA4A383F279556BA0073A37C /* MVVM_ExampleUITestsLaunchTests.swift */,
			);
			path = "MVVM ExampleUITests";
			sourceTree = "<group>";
		};
		EA4A384C279556EA0073A37C /* Model */ = {
			isa = PBXGroup;
			children = (
				EA4A3853279558D70073A37C /* PersonModel.swift */,
			);
			path = Model;
			sourceTree = "<group>";
		};
		EA4A384D279556F20073A37C /* View */ = {
			isa = PBXGroup;
			children = (
				EA4A3820279556B80073A37C /* ViewController.swift */,
			);
			path = View;
			sourceTree = "<group>";
		};
		EA4A384E279556F90073A37C /* ViewModel */ = {
			isa = PBXGroup;
			children = (
				EA4A3855279558F30073A37C /* PersonViewModel.swift */,
			);
			path = ViewModel;
			sourceTree = "<group>";
		};
		EA4A3859279584650073A37C /* TableViewCell */ = {
			isa = PBXGroup;
			children = (
				EA4A3857279560890073A37C /* PersonDataTableViewCell.swift */,
			);
			path = TableViewCell;
			sourceTree = "<group>";
		};
/* End PBXGroup section */

/* Begin PBXNativeTarget section */
		EA4A3818279556B80073A37C /* MVVM Example */ = {
			isa = PBXNativeTarget;
			buildConfigurationList = EA4A3843279556BA0073A37C /* Build configuration list for PBXNativeTarget "MVVM Example" */;
			buildPhases = (
				EA4A3815279556B80073A37C /* Sources */,
				EA4A3816279556B80073A37C /* Frameworks */,
				EA4A3817279556B80073A37C /* Resources */,
			);
			buildRules = (
			);
			dependencies = (
			);
			name = "MVVM Example";
			productName = "MVVM Example";
			productReference = EA4A3819279556B80073A37C /* MVVM Example.app */;
			productType = "com.apple.product-type.application";
		};
		EA4A382E279556BA0073A37C /* MVVM ExampleTests */ = {
			isa = PBXNativeTarget;
			buildConfigurationList = EA4A3846279556BA0073A37C /* Build configuration list for PBXNativeTarget "MVVM ExampleTests" */;
			buildPhases = (
				EA4A382B279556BA0073A37C /* Sources */,
				EA4A382C279556BA0073A37C /* Frameworks */,
				EA4A382D279556BA0073A37C /* Resources */,
			);
			buildRules = (
			);
			dependencies = (
				EA4A3831279556BA0073A37C /* PBXTargetDependency */,
			);
			name = "MVVM ExampleTests";
			productName = "MVVM ExampleTests";
			productReference = EA4A382F279556BA0073A37C /* MVVM ExampleTests.xctest */;
			productType = "com.apple.product-type.bundle.unit-test";
		};
		EA4A3838279556BA0073A37C /* MVVM ExampleUITests */ = {
			isa = PBXNativeTarget;
			buildConfigurationList = EA4A3849279556BA0073A37C /* Build configuration list for PBXNativeTarget "MVVM ExampleUITests" */;
			buildPhases = (
				EA4A3835279556BA0073A37C /* Sources */,
				EA4A3836279556BA0073A37C /* Frameworks */,
				EA4A3837279556BA0073A37C /* Resources */,
			);
			buildRules = (
			);
			dependencies = (
				EA4A383B279556BA0073A37C /* PBXTargetDependency */,
			);
			name = "MVVM ExampleUITests";
			productName = "MVVM ExampleUITests";
			productReference = EA4A3839279556BA0073A37C /* MVVM ExampleUITests.xctest */;
			productType = "com.apple.product-type.bundle.ui-testing";
		};
/* End PBXNativeTarget section */

/* Begin PBXProject section */
		EA4A3811279556B80073A37C /* Project object */ = {
			isa = PBXProject;
			attributes = {
				BuildIndependentTargetsInParallel = 1;
				LastSwiftUpdateCheck = 1320;
				LastUpgradeCheck = 1320;
				TargetAttributes = {
					EA4A3818279556B80073A37C = {
						CreatedOnToolsVersion = 13.2.1;
					};
					EA4A382E279556BA0073A37C = {
						CreatedOnToolsVersion = 13.2.1;
						TestTargetID = EA4A3818279556B80073A37C;
					};
					EA4A3838279556BA0073A37C = {
						CreatedOnToolsVersion = 13.2.1;
						TestTargetID = EA4A3818279556B80073A37C;
					};
				};
			};
			buildConfigurationList = EA4A3814279556B80073A37C /* Build configuration list for PBXProject "MVVM Example" */;
			compatibilityVersion = "Xcode 13.0";
			developmentRegion = en;
			hasScannedForEncodings = 0;
			knownRegions = (
				en,
				Base,
			);
			mainGroup = EA4A3810279556B80073A37C;
			productRefGroup = EA4A381A279556B80073A37C /* Products */;
			projectDirPath = "";
			projectRoot = "";
			targets = (
				EA4A3818279556B80073A37C /* MVVM Example */,
				EA4A382E279556BA0073A37C /* MVVM ExampleTests */,
				EA4A3838279556BA0073A37C /* MVVM ExampleUITests */,
			);
		};
/* End PBXProject section */

/* Begin PBXResourcesBuildPhase section */
		EA4A3817279556B80073A37C /* Resources */ = {
			isa = PBXResourcesBuildPhase;
			buildActionMask = 2147483647;
			files = (
				EA4A3829279556BA0073A37C /* LaunchScreen.storyboard in Resources */,
				EA4A3826279556BA0073A37C /* Assets.xcassets in Resources */,
				EA4A3824279556B80073A37C /* Main.storyboard in Resources */,
			);
			runOnlyForDeploymentPostprocessing = 0;
		};
		EA4A382D279556BA0073A37C /* Resources */ = {
			isa = PBXResourcesBuildPhase;
			buildActionMask = 2147483647;
			files = (
			);
			runOnlyForDeploymentPostprocessing = 0;
		};
		EA4A3837279556BA0073A37C /* Resources */ = {
			isa = PBXResourcesBuildPhase;
			buildActionMask = 2147483647;
			files = (
			);
			runOnlyForDeploymentPostprocessing = 0;
		};
/* End PBXResourcesBuildPhase section */

/* Begin PBXSourcesBuildPhase section */
		EA4A3815279556B80073A37C /* Sources */ = {
			isa = PBXSourcesBuildPhase;
			buildActionMask = 2147483647;
			files = (
				EA4A3821279556B80073A37C /* ViewController.swift in Sources */,
				EA4A3854279558D70073A37C /* PersonModel.swift in Sources */,
				EA4A3856279558F30073A37C /* PersonViewModel.swift in Sources */,
				EA4A3858279560890073A37C /* PersonDataTableViewCell.swift in Sources */,
				EA4A381D279556B80073A37C /* AppDelegate.swift in Sources */,
				EA4A381F279556B80073A37C /* SceneDelegate.swift in Sources */,
			);
			runOnlyForDeploymentPostprocessing = 0;
		};
		EA4A382B279556BA0073A37C /* Sources */ = {
			isa = PBXSourcesBuildPhase;
			buildActionMask = 2147483647;
			files = (
				EA4A3834279556BA0073A37C /* MVVM_ExampleTests.swift in Sources */,
			);
			runOnlyForDeploymentPostprocessing = 0;
		};
		EA4A3835279556BA0073A37C /* Sources */ = {
			isa = PBXSourcesBuildPhase;
			buildActionMask = 2147483647;
			files = (
				EA4A383E279556BA0073A37C /* MVVM_ExampleUITests.swift in Sources */,
				EA4A3840279556BA0073A37C /* MVVM_ExampleUITestsLaunchTests.swift in Sources */,
			);
			runOnlyForDeploymentPostprocessing = 0;
		};
/* End PBXSourcesBuildPhase section */

/* Begin PBXTargetDependency section */
		EA4A3831279556BA0073A37C /* PBXTargetDependency */ = {
			isa = PBXTargetDependency;
			target = EA4A3818279556B80073A37C /* MVVM Example */;
			targetProxy = EA4A3830279556BA0073A37C /* PBXContainerItemProxy */;
		};
		EA4A383B279556BA0073A37C /* PBXTargetDependency */ = {
			isa = PBXTargetDependency;
			target = EA4A3818279556B80073A37C /* MVVM Example */;
			targetProxy = EA4A383A279556BA0073A37C /* PBXContainerItemProxy */;
		};
/* End PBXTargetDependency section */

/* Begin PBXVariantGroup section */
		EA4A3822279556B80073A37C /* Main.storyboard */ = {
			isa = PBXVariantGroup;
			children = (
				EA4A3823279556B80073A37C /* Base */,
			);
			name = Main.storyboard;
			sourceTree = "<group>";
		};
		EA4A3827279556BA0073A37C /* LaunchScreen.storyboard */ = {
			isa = PBXVariantGroup;
			children = (
				EA4A3828279556BA0073A37C /* Base */,
			);
			name = LaunchScreen.storyboard;
			sourceTree = "<group>";
		};
/* End PBXVariantGroup section */

/* Begin XCBuildConfiguration section */
		EA4A3841279556BA0073A37C /* Debug */ = {
			isa = XCBuildConfiguration;
			buildSettings = {
				ALWAYS_SEARCH_USER_PATHS = NO;
				CLANG_ANALYZER_NONNULL = YES;
				CLANG_ANALYZER_NUMBER_OBJECT_CONVERSION = YES_AGGRESSIVE;
				CLANG_CXX_LANGUAGE_STANDARD = "gnu++17";
				CLANG_CXX_LIBRARY = "libc++";
				CLANG_ENABLE_MODULES = YES;
				CLANG_ENABLE_OBJC_ARC = YES;
				CLANG_ENABLE_OBJC_WEAK = YES;
				CLANG_WARN_BLOCK_CAPTURE_AUTORELEASING = YES;
				CLANG_WARN_BOOL_CONVERSION = YES;
				CLANG_WARN_COMMA = YES;
				CLANG_WARN_CONSTANT_CONVERSION = YES;
				CLANG_WARN_DEPRECATED_OBJC_IMPLEMENTATIONS = YES;
				CLANG_WARN_DIRECT_OBJC_ISA_USAGE = YES_ERROR;
				CLANG_WARN_DOCUMENTATION_COMMENTS = YES;
				CLANG_WARN_EMPTY_BODY = YES;
				CLANG_WARN_ENUM_CONVERSION = YES;
				CLANG_WARN_INFINITE_RECURSION = YES;
				CLANG_WARN_INT_CONVERSION = YES;
				CLANG_WARN_NON_LITERAL_NULL_CONVERSION = YES;
				CLANG_WARN_OBJC_IMPLICIT_RETAIN_SELF = YES;
				CLANG_WARN_OBJC_LITERAL_CONVERSION = YES;
				CLANG_WARN_OBJC_ROOT_CLASS = YES_ERROR;
				CLANG_WARN_QUOTED_INCLUDE_IN_FRAMEWORK_HEADER = YES;
				CLANG_WARN_RANGE_LOOP_ANALYSIS = YES;
				CLANG_WARN_STRICT_PROTOTYPES = YES;
				CLANG_WARN_SUSPICIOUS_MOVE = YES;
				CLANG_WARN_UNGUARDED_AVAILABILITY = YES_AGGRESSIVE;
				CLANG_WARN_UNREACHABLE_CODE = YES;
				CLANG_WARN__DUPLICATE_METHOD_MATCH = YES;
				COPY_PHASE_STRIP = NO;
				DEBUG_INFORMATION_FORMAT = dwarf;
				ENABLE_STRICT_OBJC_MSGSEND = YES;
				ENABLE_TESTABILITY = YES;
				GCC_C_LANGUAGE_STANDARD = gnu11;
				GCC_DYNAMIC_NO_PIC = NO;
				GCC_NO_COMMON_BLOCKS = YES;
				GCC_OPTIMIZATION_LEVEL = 0;
				GCC_PREPROCESSOR_DEFINITIONS = (
					"DEBUG=1",
					"$(inherited)",
				);
				GCC_WARN_64_TO_32_BIT_CONVERSION = YES;
				GCC_WARN_ABOUT_RETURN_TYPE = YES_ERROR;
				GCC_WARN_UNDECLARED_SELECTOR = YES;
				GCC_WARN_UNINITIALIZED_AUTOS = YES_AGGRESSIVE;
				GCC_WARN_UNUSED_FUNCTION = YES;
				GCC_WARN_UNUSED_VARIABLE = YES;
				IPHONEOS_DEPLOYMENT_TARGET = 15.2;
				MTL_ENABLE_DEBUG_INFO = INCLUDE_SOURCE;
				MTL_FAST_MATH = YES;
				ONLY_ACTIVE_ARCH = YES;
				SDKROOT = iphoneos;
				SWIFT_ACTIVE_COMPILATION_CONDITIONS = DEBUG;
				SWIFT_OPTIMIZATION_LEVEL = "-Onone";
			};
			name = Debug;
		};
		EA4A3842279556BA0073A37C /* Release */ = {
			isa = XCBuildConfiguration;
			buildSettings = {
				ALWAYS_SEARCH_USER_PATHS = NO;
				CLANG_ANALYZER_NONNULL = YES;
				CLANG_ANALYZER_NUMBER_OBJECT_CONVERSION = YES_AGGRESSIVE;
				CLANG_CXX_LANGUAGE_STANDARD = "gnu++17";
				CLANG_CXX_LIBRARY = "libc++";
				CLANG_ENABLE_MODULES = YES;
				CLANG_ENABLE_OBJC_ARC = YES;
				CLANG_ENABLE_OBJC_WEAK = YES;
				CLANG_WARN_BLOCK_CAPTURE_AUTORELEASING = YES;
				CLANG_WARN_BOOL_CONVERSION = YES;
				CLANG_WARN_COMMA = YES;
				CLANG_WARN_CONSTANT_CONVERSION = YES;
				CLANG_WARN_DEPRECATED_OBJC_IMPLEMENTATIONS = YES;
				CLANG_WARN_DIRECT_OBJC_ISA_USAGE = YES_ERROR;
				CLANG_WARN_DOCUMENTATION_COMMENTS = YES;
				CLANG_WARN_EMPTY_BODY = YES;
				CLANG_WARN_ENUM_CONVERSION = YES;
				CLANG_WARN_INFINITE_RECURSION = YES;
				CLANG_WARN_INT_CONVERSION = YES;
				CLANG_WARN_NON_LITERAL_NULL_CONVERSION = YES;
				CLANG_WARN_OBJC_IMPLICIT_RETAIN_SELF = YES;
				CLANG_WARN_OBJC_LITERAL_CONVERSION = YES;
				CLANG_WARN_OBJC_ROOT_CLASS = YES_ERROR;
				CLANG_WARN_QUOTED_INCLUDE_IN_FRAMEWORK_HEADER = YES;
				CLANG_WARN_RANGE_LOOP_ANALYSIS = YES;
				CLANG_WARN_STRICT_PROTOTYPES = YES;
				CLANG_WARN_SUSPICIOUS_MOVE = YES;
				CLANG_WARN_UNGUARDED_AVAILABILITY = YES_AGGRESSIVE;
				CLANG_WARN_UNREACHABLE_CODE = YES;
				CLANG_WARN__DUPLICATE_METHOD_MATCH = YES;
				COPY_PHASE_STRIP = NO;
				DEBUG_INFORMATION_FORMAT = "dwarf-with-dsym";
				ENABLE_NS_ASSERTIONS = NO;
				ENABLE_STRICT_OBJC_MSGSEND = YES;
				GCC_C_LANGUAGE_STANDARD = gnu11;
				GCC_NO_COMMON_BLOCKS = YES;
				GCC_WARN_64_TO_32_BIT_CONVERSION = YES;
				GCC_WARN_ABOUT_RETURN_TYPE = YES_ERROR;
				GCC_WARN_UNDECLARED_SELECTOR = YES;
				GCC_WARN_UNINITIALIZED_AUTOS = YES_AGGRESSIVE;
				GCC_WARN_UNUSED_FUNCTION = YES;
				GCC_WARN_UNUSED_VARIABLE = YES;
				IPHONEOS_DEPLOYMENT_TARGET = 15.2;
				MTL_ENABLE_DEBUG_INFO = NO;
				MTL_FAST_MATH = YES;
				SDKROOT = iphoneos;
				SWIFT_COMPILATION_MODE = wholemodule;
				SWIFT_OPTIMIZATION_LEVEL = "-O";
				VALIDATE_PRODUCT = YES;
			};
			name = Release;
		};
		EA4A3844279556BA0073A37C /* Debug */ = {
			isa = XCBuildConfiguration;
			buildSettings = {
				ASSETCATALOG_COMPILER_APPICON_NAME = AppIcon;
				ASSETCATALOG_COMPILER_GLOBAL_ACCENT_COLOR_NAME = AccentColor;
				CODE_SIGN_STYLE = Automatic;
				CURRENT_PROJECT_VERSION = 1;
				GENERATE_INFOPLIST_FILE = YES;
				INFOPLIST_FILE = "MVVM Example/Info.plist";
				INFOPLIST_KEY_UIApplicationSupportsIndirectInputEvents = YES;
				INFOPLIST_KEY_UILaunchStoryboardName = LaunchScreen;
				INFOPLIST_KEY_UIMainStoryboardFile = Main;
				INFOPLIST_KEY_UISupportedInterfaceOrientations_iPad = "UIInterfaceOrientationPortrait UIInterfaceOrientationPortraitUpsideDown UIInterfaceOrientationLandscapeLeft UIInterfaceOrientationLandscapeRight";
				INFOPLIST_KEY_UISupportedInterfaceOrientations_iPhone = "UIInterfaceOrientationPortrait UIInterfaceOrientationLandscapeLeft UIInterfaceOrientationLandscapeRight";
				LD_RUNPATH_SEARCH_PATHS = (
					"$(inherited)",
					"@executable_path/Frameworks",
				);
				MARKETING_VERSION = 1.0;
				PRODUCT_BUNDLE_IDENTIFIER = "attech.MVVM-Example";
				PRODUCT_NAME = "$(TARGET_NAME)";
				SWIFT_EMIT_LOC_STRINGS = YES;
				SWIFT_VERSION = 5.0;
				TARGETED_DEVICE_FAMILY = "1,2";
			};
			name = Debug;
		};
		EA4A3845279556BA0073A37C /* Release */ = {
			isa = XCBuildConfiguration;
			buildSettings = {
				ASSETCATALOG_COMPILER_APPICON_NAME = AppIcon;
				ASSETCATALOG_COMPILER_GLOBAL_ACCENT_COLOR_NAME = AccentColor;
				CODE_SIGN_STYLE = Automatic;
				CURRENT_PROJECT_VERSION = 1;
				GENERATE_INFOPLIST_FILE = YES;
				INFOPLIST_FILE = "MVVM Example/Info.plist";
				INFOPLIST_KEY_UIApplicationSupportsIndirectInputEvents = YES;
				INFOPLIST_KEY_UILaunchStoryboardName = LaunchScreen;
				INFOPLIST_KEY_UIMainStoryboardFile = Main;
				INFOPLIST_KEY_UISupportedInterfaceOrientations_iPad = "UIInterfaceOrientationPortrait UIInterfaceOrientationPortraitUpsideDown UIInterfaceOrientationLandscapeLeft UIInterfaceOrientationLandscapeRight";
				INFOPLIST_KEY_UISupportedInterfaceOrientations_iPhone = "UIInterfaceOrientationPortrait UIInterfaceOrientationLandscapeLeft UIInterfaceOrientationLandscapeRight";
				LD_RUNPATH_SEARCH_PATHS = (
					"$(inherited)",
					"@executable_path/Frameworks",
				);
				MARKETING_VERSION = 1.0;
				PRODUCT_BUNDLE_IDENTIFIER = "attech.MVVM-Example";
				PRODUCT_NAME = "$(TARGET_NAME)";
				SWIFT_EMIT_LOC_STRINGS = YES;
				SWIFT_VERSION = 5.0;
				TARGETED_DEVICE_FAMILY = "1,2";
			};
			name = Release;
		};
		EA4A3847279556BA0073A37C /* Debug */ = {
			isa = XCBuildConfiguration;
			buildSettings = {
				ALWAYS_EMBED_SWIFT_STANDARD_LIBRARIES = YES;
				BUNDLE_LOADER = "$(TEST_HOST)";
				CODE_SIGN_STYLE = Automatic;
				CURRENT_PROJECT_VERSION = 1;
				GENERATE_INFOPLIST_FILE = YES;
				IPHONEOS_DEPLOYMENT_TARGET = 15.2;
				MARKETING_VERSION = 1.0;
				PRODUCT_BUNDLE_IDENTIFIER = "attech.MVVM-ExampleTests";
				PRODUCT_NAME = "$(TARGET_NAME)";
				SWIFT_EMIT_LOC_STRINGS = NO;
				SWIFT_VERSION = 5.0;
				TARGETED_DEVICE_FAMILY = "1,2";
				TEST_HOST = "$(BUILT_PRODUCTS_DIR)/MVVM Example.app/MVVM Example";
			};
			name = Debug;
		};
		EA4A3848279556BA0073A37C /* Release */ = {
			isa = XCBuildConfiguration;
			buildSettings = {
				ALWAYS_EMBED_SWIFT_STANDARD_LIBRARIES = YES;
				BUNDLE_LOADER = "$(TEST_HOST)";
				CODE_SIGN_STYLE = Automatic;
				CURRENT_PROJECT_VERSION = 1;
				GENERATE_INFOPLIST_FILE = YES;
				IPHONEOS_DEPLOYMENT_TARGET = 15.2;
				MARKETING_VERSION = 1.0;
				PRODUCT_BUNDLE_IDENTIFIER = "attech.MVVM-ExampleTests";
				PRODUCT_NAME = "$(TARGET_NAME)";
				SWIFT_EMIT_LOC_STRINGS = NO;
				SWIFT_VERSION = 5.0;
				TARGETED_DEVICE_FAMILY = "1,2";
				TEST_HOST = "$(BUILT_PRODUCTS_DIR)/MVVM Example.app/MVVM Example";
			};
			name = Release;
		};
		EA4A384A279556BA0073A37C /* Debug */ = {
			isa = XCBuildConfiguration;
			buildSettings = {
				ALWAYS_EMBED_SWIFT_STANDARD_LIBRARIES = YES;
				CODE_SIGN_STYLE = Automatic;
				CURRENT_PROJECT_VERSION = 1;
				GENERATE_INFOPLIST_FILE = YES;
				MARKETING_VERSION = 1.0;
				PRODUCT_BUNDLE_IDENTIFIER = "attech.MVVM-ExampleUITests";
				PRODUCT_NAME = "$(TARGET_NAME)";
				SWIFT_EMIT_LOC_STRINGS = NO;
				SWIFT_VERSION = 5.0;
				TARGETED_DEVICE_FAMILY = "1,2";
				TEST_TARGET_NAME = "MVVM Example";
			};
			name = Debug;
		};
		EA4A384B279556BA0073A37C /* Release */ = {
			isa = XCBuildConfiguration;
			buildSettings = {
				ALWAYS_EMBED_SWIFT_STANDARD_LIBRARIES = YES;
				CODE_SIGN_STYLE = Automatic;
				CURRENT_PROJECT_VERSION = 1;
				GENERATE_INFOPLIST_FILE = YES;
				MARKETING_VERSION = 1.0;
				PRODUCT_BUNDLE_IDENTIFIER = "attech.MVVM-ExampleUITests";
				PRODUCT_NAME = "$(TARGET_NAME)";
				SWIFT_EMIT_LOC_STRINGS = NO;
				SWIFT_VERSION = 5.0;
				TARGETED_DEVICE_FAMILY = "1,2";
				TEST_TARGET_NAME = "MVVM Example";
			};
			name = Release;
		};
/* End XCBuildConfiguration section */

/* Begin XCConfigurationList section */
		EA4A3814279556B80073A37C /* Build configuration list for PBXProject "MVVM Example" */ = {
			isa = XCConfigurationList;
			buildConfigurations = (
				EA4A3841279556BA0073A37C /* Debug */,
				EA4A3842279556BA0073A37C /* Release */,
			);
			defaultConfigurationIsVisible = 0;
			defaultConfigurationName = Release;
		};
		EA4A3843279556BA0073A37C /* Build configuration list for PBXNativeTarget "MVVM Example" */ = {
			isa = XCConfigurationList;
			buildConfigurations = (
				EA4A3844279556BA0073A37C /* Debug */,
				EA4A3845279556BA0073A37C /* Release */,
			);
			defaultConfigurationIsVisible = 0;
			defaultConfigurationName = Release;
		};
		EA4A3846279556BA0073A37C /* Build configuration list for PBXNativeTarget "MVVM ExampleTests" */ = {
			isa = XCConfigurationList;
			buildConfigurations = (
				EA4A3847279556BA0073A37C /* Debug */,
				EA4A3848279556BA0073A37C /* Release */,
			);
			defaultConfigurationIsVisible = 0;
			defaultConfigurationName = Release;
		};
		EA4A3849279556BA0073A37C /* Build configuration list for PBXNativeTarget "MVVM ExampleUITests" */ = {
			isa = XCConfigurationList;
			buildConfigurations = (
				EA4A384A279556BA0073A37C /* Debug */,
				EA4A384B279556BA0073A37C /* Release */,
			);
			defaultConfigurationIsVisible = 0;
			defaultConfigurationName = Release;
		};
/* End XCConfigurationList section */
	};
	rootObject = EA4A3811279556B80073A37C /* Project object */;
}
